# This file is automatically @generated by Cargo.
# It is not intended for manual editing.
version = 3

[[package]]
name = "ironbus-cli"
version = "0.0.0"

[[package]]
name = "ironbus-client"
version = "0.0.0"

[[package]]
name = "ironbus-core"
version = "0.0.0"

[[package]]
name = "ironbus-proto"
version = "0.0.0"

[[package]]
name = "ironbus-server"
version = "0.0.0"

[[package]]
name = "ironbus-storage"
version = "0.0.0"
